
Microsoft Visual Studio Solution File, Format Version 12.00
# Visual Studio Version 17
VisualStudioVersion = 17.5.33627.172
MinimumVisualStudioVersion = 10.0.40219.1
Project("{9A19103F-16F7-4668-BE54-9A1E7A4F7556}") = "PointCloudPlaneAnalyzer", "PointCloudPlaneAnalyzer\PointCloudPlaneAnalyzer.csproj", "{4562ADFB-4DCA-467F-9813-61AF6433BEA7}"
EndProject
Global
	GlobalSection(SolutionConfigurationPlatforms) = preSolution
		Debug|Any CPU = Debug|Any CPU
		Release|Any CPU = Release|Any CPU
	EndGlobalSection
	GlobalSection(ProjectConfigurationPlatforms) = postSolution
		{4562ADFB-4DCA-467F-9813-61AF6433BEA7}.Debug|Any CPU.ActiveCfg = Debug|Any CPU
		{4562ADFB-4DCA-467F-9813-61AF6433BEA7}.Debug|Any CPU.Build.0 = Debug|Any CPU
		{4562ADFB-4DCA-467F-9813-61AF6433BEA7}.Release|Any CPU.ActiveCfg = Release|Any CPU
		{4562ADFB-4DCA-467F-9813-61AF6433BEA7}.Release|Any CPU.Build.0 = Release|Any CPU
	EndGlobalSection
	GlobalSection(SolutionProperties) = preSolution
		HideSolutionNode = FALSE
	EndGlobalSection
	GlobalSection(ExtensibilityGlobals) = postSolution
		SolutionGuid = {516FADF1-8B7A-4D11-9D84-5F645299ABFC}
	EndGlobalSection
EndGlobal
